JA4_BASE_IMAGE=zeek/zeek:8.0.10@sha256:73e80e9cd23ff71fd28d158e9a9af5c7b2b0ef5d4036af61521827531347c0e3
JA4_IMAGE_TAG=sih-zeek-ja4:8.0.10-d03721fc
JA4_IMAGE_ID=sha256:a86cc2a8766bb122c49b754733738d460df3c35e743ac155ffea6bd167894f3a
JA4_IMAGE_DIGEST=sih-zeek-ja4@sha256:a86cc2a8766bb122c49b754733738d460df3c35e743ac155ffea6bd167894f3a
JA4_CONFIG_DIGEST=sha256:79cba308792c2381e03793358a6dc258d2b3a0d28566e0d68ddfce252b3163fd
JA4_BUILD_PLATFORM=linux/amd64
JA4_BUILD_EPOCH=1786726820
JA4_DOCKERFILE_SHA256=4c94015180d05915377662ac5cf12f52757ff1831dd6286e55442489fdeb8397
JA4_SOURCE_MANIFEST_SHA256=2d850af471d67e96253dbf93d18f0b8fbe1f40337551f65d7870a1995f8446e6
JA4_LOADER_SHA256=75d57d8bdfcca2c464dece8b4c351966b0b38113a1a0f451ed409e77cc2a8daa
JA4_UPSTREAM_COMMIT=d03721fc1cd7e4519b3d86c677bd44f60aa81e53
JA4_UPSTREAM_TREE=713e68527353c83e77b75c5b5715c85996ee1998
JA4_UPSTREAM_ARCHIVE_SHA256=800e0fc29f1af08ccedd45f22a4011cee40d3da54f45e5e4b5806a381bb08848
