TLS_FP_BASE_IMAGE=zeek/zeek:8.0.10@sha256:73e80e9cd23ff71fd28d158e9a9af5c7b2b0ef5d4036af61521827531347c0e3
TLS_FP_IMAGE_TAG=sih-zeek-tls-fingerprints:8.0.10-502cc639-d03721fc
TLS_FP_IMAGE_ID=sha256:16d564fc3aee5eeaa8255ce1f4229674a859c5504a9fec9a860bf72669a17b73
TLS_FP_IMAGE_DIGEST=sih-zeek-tls-fingerprints@sha256:16d564fc3aee5eeaa8255ce1f4229674a859c5504a9fec9a860bf72669a17b73
TLS_FP_CONFIG_DIGEST=sha256:34b2454a548bcc0a3571a5a42cc1729d0ba6a65bc626dbd6d4dc6f799e140044
TLS_FP_BUILD_PLATFORM=linux/amd64
TLS_FP_BUILD_EPOCH=1786726820
TLS_FP_DOCKERFILE_SHA256=51e5d2dff0f3a65ee3887b099d58b279f1865a700c70f1d5c74380ac0eff2f2a
TLS_FP_LOADER_SHA256=986804562ccea9160309f273c3bb29a8081816e8467a77a133d6b078329903b4
JA3_SOURCE_MANIFEST_SHA256=36c9df1841981b41bf277e473a3afff87386d3b40cc096a535f9e19abeadd83f
JA3_UPSTREAM_REPOSITORY=https://github.com/salesforce/ja3
JA3_UPSTREAM_COMMIT=502cc6395811c54743b0561419d61900a6df3ff7
JA3_UPSTREAM_TREE=d8853b0342166e6d1164869d318167de1931eb96
JA3_UPSTREAM_ARCHIVE_SHA256=e20442f7aa4916a28a6c9722f426aecd0ebc31a7c64b7fba6faaca56407cd9be
JA4_SOURCE_MANIFEST_SHA256=2d850af471d67e96253dbf93d18f0b8fbe1f40337551f65d7870a1995f8446e6
JA4_UPSTREAM_COMMIT=d03721fc1cd7e4519b3d86c677bd44f60aa81e53
JA4_UPSTREAM_TREE=713e68527353c83e77b75c5b5715c85996ee1998
JA4_UPSTREAM_ARCHIVE_SHA256=800e0fc29f1af08ccedd45f22a4011cee40d3da54f45e5e4b5806a381bb08848
